
Microsoft Visual Studio Solution File, Format Version 12.00
# Visual Studio Version 16
VisualStudioVersion = 16.0.30804.86
MinimumVisualStudioVersion = 10.0.40219.1
Project("{FAE04EC0-301F-11D3-BF4B-00C04F79EFBC}") = "Testing_Assignment-1", "Testing_Assignment-1\Testing_Assignment-1.csproj", "{5DC0FCFB-31D2-4AF4-BC4E-7236926F5FE9}"
EndProject
Project("{FAE04EC0-301F-11D3-BF4B-00C04F79EFBC}") = "Passenger.Test", "Passenger.Test\Passenger.Test.csproj", "{E6DD2CBF-27C7-4B4F-80FF-CB466360B6F5}"
EndProject
Global
	GlobalSection(SolutionConfigurationPlatforms) = preSolution
		Debug|Any CPU = Debug|Any CPU
		Release|Any CPU = Release|Any CPU
	EndGlobalSection
	GlobalSection(ProjectConfigurationPlatforms) = postSolution
		{5DC0FCFB-31D2-4AF4-BC4E-7236926F5FE9}.Debug|Any CPU.ActiveCfg = Debug|Any CPU
		{5DC0FCFB-31D2-4AF4-BC4E-7236926F5FE9}.Debug|Any CPU.Build.0 = Debug|Any CPU
		{5DC0FCFB-31D2-4AF4-BC4E-7236926F5FE9}.Release|Any CPU.ActiveCfg = Release|Any CPU
		{5DC0FCFB-31D2-4AF4-BC4E-7236926F5FE9}.Release|Any CPU.Build.0 = Release|Any CPU
		{E6DD2CBF-27C7-4B4F-80FF-CB466360B6F5}.Debug|Any CPU.ActiveCfg = Debug|Any CPU
		{E6DD2CBF-27C7-4B4F-80FF-CB466360B6F5}.Debug|Any CPU.Build.0 = Debug|Any CPU
		{E6DD2CBF-27C7-4B4F-80FF-CB466360B6F5}.Release|Any CPU.ActiveCfg = Release|Any CPU
		{E6DD2CBF-27C7-4B4F-80FF-CB466360B6F5}.Release|Any CPU.Build.0 = Release|Any CPU
	EndGlobalSection
	GlobalSection(SolutionProperties) = preSolution
		HideSolutionNode = FALSE
	EndGlobalSection
	GlobalSection(ExtensibilityGlobals) = postSolution
		SolutionGuid = {71C740F0-9D62-455C-B3C0-F50B690124AA}
	EndGlobalSection
EndGlobal
