
Microsoft Visual Studio Solution File, Format Version 12.00
# Visual Studio Version 16
VisualStudioVersion = 16.0.30621.155
MinimumVisualStudioVersion = 10.0.40219.1
Project("{FAE04EC0-301F-11D3-BF4B-00C04F79EFBC}") = "SourceControlAssignment1", "SourceControlAssignment1.csproj", "{081CADC1-68F4-43F9-B143-B4E2C202F0B4}"
EndProject
Global
	GlobalSection(SolutionConfigurationPlatforms) = preSolution
		Debug|Any CPU = Debug|Any CPU
		Release|Any CPU = Release|Any CPU
	EndGlobalSection
	GlobalSection(ProjectConfigurationPlatforms) = postSolution
		{081CADC1-68F4-43F9-B143-B4E2C202F0B4}.Debug|Any CPU.ActiveCfg = Debug|Any CPU
		{081CADC1-68F4-43F9-B143-B4E2C202F0B4}.Debug|Any CPU.Build.0 = Debug|Any CPU
		{081CADC1-68F4-43F9-B143-B4E2C202F0B4}.Release|Any CPU.ActiveCfg = Release|Any CPU
		{081CADC1-68F4-43F9-B143-B4E2C202F0B4}.Release|Any CPU.Build.0 = Release|Any CPU
	EndGlobalSection
	GlobalSection(SolutionProperties) = preSolution
		HideSolutionNode = FALSE
	EndGlobalSection
	GlobalSection(ExtensibilityGlobals) = postSolution
		SolutionGuid = {14127E66-8968-482A-BD59-B51035EF6DE8}
	EndGlobalSection
EndGlobal
