
Microsoft Visual Studio Solution File, Format Version 12.00
# Visual Studio Version 16
VisualStudioVersion = 16.0.30804.86
MinimumVisualStudioVersion = 10.0.40219.1
Project("{FAE04EC0-301F-11D3-BF4B-00C04F79EFBC}") = "Assignment8", "Assignment8\Assignment8.csproj", "{74E82666-E07F-4792-A819-27AE62A1793A}"
EndProject
Project("{FAE04EC0-301F-11D3-BF4B-00C04F79EFBC}") = "Services", "Services\Services.csproj", "{C3273B1C-B63F-4609-AD38-3CD617961D14}"
EndProject
Global
	GlobalSection(SolutionConfigurationPlatforms) = preSolution
		Debug|Any CPU = Debug|Any CPU
		Release|Any CPU = Release|Any CPU
	EndGlobalSection
	GlobalSection(ProjectConfigurationPlatforms) = postSolution
		{74E82666-E07F-4792-A819-27AE62A1793A}.Debug|Any CPU.ActiveCfg = Debug|Any CPU
		{74E82666-E07F-4792-A819-27AE62A1793A}.Debug|Any CPU.Build.0 = Debug|Any CPU
		{74E82666-E07F-4792-A819-27AE62A1793A}.Release|Any CPU.ActiveCfg = Release|Any CPU
		{74E82666-E07F-4792-A819-27AE62A1793A}.Release|Any CPU.Build.0 = Release|Any CPU
		{C3273B1C-B63F-4609-AD38-3CD617961D14}.Debug|Any CPU.ActiveCfg = Debug|Any CPU
		{C3273B1C-B63F-4609-AD38-3CD617961D14}.Debug|Any CPU.Build.0 = Debug|Any CPU
		{C3273B1C-B63F-4609-AD38-3CD617961D14}.Release|Any CPU.ActiveCfg = Release|Any CPU
		{C3273B1C-B63F-4609-AD38-3CD617961D14}.Release|Any CPU.Build.0 = Release|Any CPU
	EndGlobalSection
	GlobalSection(SolutionProperties) = preSolution
		HideSolutionNode = FALSE
	EndGlobalSection
	GlobalSection(ExtensibilityGlobals) = postSolution
		SolutionGuid = {3C694C76-CA68-4230-90D7-49F5070CE713}
	EndGlobalSection
EndGlobal
